<Solution>
  <Project Path="TestProject1/TestProject1.csproj" />
  <Project Path="TestProject10/TestProject10.csproj" />
  <Project Path="TestProject2/TestProject2.csproj" />
  <Project Path="TestProject3/TestProject3.csproj" />
  <Project Path="TestProject4/TestProject4.csproj" />
  <Project Path="TestProject5/TestProject5.csproj" />
  <Project Path="TestProject6/TestProject6.csproj" />
  <Project Path="TestProject7/TestProject7.csproj" />
  <Project Path="TestProject8/TestProject8.csproj" />
  <Project Path="TestProject9/TestProject9.csproj" />
</Solution>
